github.com/creack/pty v1.1.24 h1:bJrF4RRfyJnbTJqzRLHzcGaZK1NeM5kTC9jGgovnR1s=
github.com/creack/pty v1.1.24/go.mod h1:08sCNb52WyoAwi2QDyzUCTgcvVFhUzewun7wtTfvcwE=
github.com/hollis-labs/agent-contracts-leaf v0.3.0 h1:tOAbq1y2Qtkk/S81hpSTlE3ZIsXWacSWkad1NfTMEvY=
github.com/hollis-labs/agent-contracts-leaf v0.3.0/go.mod h1:Yp3iEG7I1qHxGL+Ad085RDVP5xUM/dbL0nFxzCAQ9/w=
github.com/hollis-labs/agentkit v0.17.0 h1:qD9se5P0rJwqBUsi2NcwZSFWA4pbpXslwYjic9Rlis4=
github.com/hollis-labs/agentkit v0.17.0/go.mod h1:+181Vx3wcI4lnfNgwCVfa9j4GAt8N2KmmhuqYOEIpok=
github.com/hollis-labs/go-harness-filters v0.1.1 h1:uTAF+ejKhje+rXMEOwTHsO7ig2fCAQnkANXgZBAyYZA=
github.com/hollis-labs/go-harness-filters v0.1.1/go.mod h1:84dThT2Ro93bk7Lzpr9KNsRDY4hUcIvYoBtmIB6IEzM=
github.com/hollis-labs/go-llm-contracts v0.3.0 h1:qVKulEixvxf5iJmUMzDfRoL00gfS6/r0TmAJ1zNX0Dc=
github.com/hollis-labs/go-llm-contracts v0.3.0/go.mod h1:VIbzjZk7U+NCYuHdfa++ZwcaYI09om5xVxYTGd6cuw8=
github.com/hollis-labs/go-llm-types v0.5.1 h1:4h473ppF+N+DxPJ9V+/Dt/kc3bkWcOaJOp6kRH9YxsQ=
github.com/hollis-labs/go-llm-types v0.5.1/go.mod h1:n4XoMPvSTR7Dfjxj/D37cL8nQPKmtci2EzZQFjAvSr8=
github.com/hollis-labs/go-materialize v0.1.0 h1:JQ7nKIlKIaWvuiN1yPpad0dQaJTLocuQQdfynY9n9nY=
github.com/hollis-labs/go-materialize v0.1.0/go.mod h1:ubDxYOfG+hCX0PXQaVm8ssmJoc6ZCDh8iSO46pj0PK0=
github.com/hollis-labs/go-permission v0.1.0 h1:eOlb2pPmEkh9D5zlVgWwOd4ryycEQYiLT1cLMEG6y2c=
github.com/hollis-labs/go-permission v0.1.0/go.mod h1:OXz5GXvR7vFAb6TVoGDOESIEecC0V40524NdN0jiOrs=
github.com/hollis-labs/go-providers v0.37.0 h1:MzBApzVgdwxDE0UolS/itYWuXc+b6kPCmW5x7lPcUsE=
github.com/hollis-labs/go-providers v0.37.0/go.mod h1:WR4UJzbsvtzb53L2tW8jT28dqq6h4CP4mNkA7gJLpuc=
github.com/hollis-labs/go-runner v0.7.0 h1:nJIDnZHBVn1Ii8hITTxLsGMVaEI9AWipar85qo8QkY8=
github.com/hollis-labs/go-runner v0.7.0/go.mod h1:+PgCa0CxAImd63sZgLb8Zw0uasyDWyHRdcE2sH8Zc7Q=
github.com/hollis-labs/go-runtime-events v0.2.1 h1:ik7AxHU5pPLvNXPIfYYC10czm3zoueKrPvsD2bFrISs=
github.com/hollis-labs/go-runtime-events v0.2.1/go.mod h1:+4cNkz4YKLfhCtve9FjMRKOp/0SokwjJ5vGfZ0/mHRk=
github.com/hollis-labs/go-safefs v0.1.0 h1:DOlOS/0OnLKgUXON9YiPTzZZyYhqogNUo9RoYpa7UOY=
github.com/hollis-labs/go-safefs v0.1.0/go.mod h1:cy6lXh6KhPuIoQ9hGQSL+sd4N1dhJ1hE3sSCMXNB6JA=
github.com/hollis-labs/go-sandbox v0.4.1 h1:Ul2hSUK5f8shvpORBuy33GEUelD7bu9v4tNKVqzmn9k=
github.com/hollis-labs/go-sandbox v0.4.1/go.mod h1:cZVYQKfEze0jFkt7iyvvUTAc7M+7tppRxpq/h8VYUYg=
github.com/kr/pretty v0.3.1 h1:flRD4NNwYAUpkphVc1HcthR4KEIFJ65n8Mw5qdRn3LE=
github.com/kr/pretty v0.3.1/go.mod h1:hoEshYVHaxMs3cyo3Yncou5ZscifuDolrwPKZanG3xk=
github.com/kr/text v0.2.0 h1:5Nx0Ya0ZqY2ygV366QzturHI13Jq95ApcVaJBhpS+AY=
github.com/kr/text v0.2.0/go.mod h1:eLer722TekiGuMkidMxC/pM04lWEeraHUUmBw8l2grE=
github.com/rogpeppe/go-internal v1.14.1 h1:UQB4HGPB6osV0SQTLymcB4TgvyWu6ZyliaW0tI/otEQ=
github.com/rogpeppe/go-internal v1.14.1/go.mod h1:MaRKkUm5W0goXpeCfT7UZI6fk/L7L7so1lCWt35ZSgc=
gopkg.in/check.v1 v0.0.0-20161208181325-20d25e280405/go.mod h1:Co6ibVJAznAaIkqp8huTwlJQCZ016jof/cbN4VW5Yz0=
gopkg.in/check.v1 v1.0.0-20201130134442-10cb98267c6c h1:Hei/4ADfdWqJk1ZMxUNpqntNwaWcugrBjAiHlqqRiVk=
gopkg.in/check.v1 v1.0.0-20201130134442-10cb98267c6c/go.mod h1:JHkPIbrfpd72SG/EVd6muEfDQjcINNoR0C8j2r3qZ4Q=
gopkg.in/yaml.v3 v3.0.1 h1:fxVm/GzAzEWqLHuvctI91KS9hhNmmWOoWu0XTYJS7CA=
gopkg.in/yaml.v3 v3.0.1/go.mod h1:K4uyk7z7BCEPqu6E+C64Yfv1cQ7kz7rIZviUmN+EgEM=
