github.com/creack/pty v1.1.24 h1:bJrF4RRfyJnbTJqzRLHzcGaZK1NeM5kTC9jGgovnR1s=
github.com/creack/pty v1.1.24/go.mod h1:08sCNb52WyoAwi2QDyzUCTgcvVFhUzewun7wtTfvcwE=
github.com/hollis-labs/agentkit v0.6.1 h1:AgdBc7rJIwN3r6spGI69L72ylbw78G4BnUOfi0rfDT0=
github.com/hollis-labs/agentkit v0.6.1/go.mod h1:uhzTQL0shQAh+CTpFakZi1Mxu464Wun2zTzVGCdEU8o=
github.com/hollis-labs/go-harness-filters v0.1.1 h1:uTAF+ejKhje+rXMEOwTHsO7ig2fCAQnkANXgZBAyYZA=
github.com/hollis-labs/go-harness-filters v0.1.1/go.mod h1:84dThT2Ro93bk7Lzpr9KNsRDY4hUcIvYoBtmIB6IEzM=
github.com/hollis-labs/go-llm-contracts v0.3.0 h1:qVKulEixvxf5iJmUMzDfRoL00gfS6/r0TmAJ1zNX0Dc=
github.com/hollis-labs/go-llm-contracts v0.3.0/go.mod h1:VIbzjZk7U+NCYuHdfa++ZwcaYI09om5xVxYTGd6cuw8=
github.com/hollis-labs/go-llm-types v0.3.0 h1:QR4RX0F1zX0fYBh7sDVxnsFxmQ/vjlvc7bC6FWx+8s0=
github.com/hollis-labs/go-llm-types v0.3.0/go.mod h1:BP8FMqmTWvi2vQ7dNybTGJ+FFzXS4gMMhAjyTHlNq84=
github.com/hollis-labs/go-providers v0.26.0 h1:zXCu8CBkzjcVjlsucD3lEYWqyl7DCtx+XW2uBNnhUe4=
github.com/hollis-labs/go-providers v0.26.0/go.mod h1:Y0WQHyW7gIj0ooxyvq2uDqnEHAyOOqVhB2miNiajZ2Q=
github.com/hollis-labs/go-runner v0.7.0 h1:nJIDnZHBVn1Ii8hITTxLsGMVaEI9AWipar85qo8QkY8=
github.com/hollis-labs/go-runner v0.7.0/go.mod h1:+PgCa0CxAImd63sZgLb8Zw0uasyDWyHRdcE2sH8Zc7Q=
github.com/hollis-labs/go-runtime-events v0.1.2 h1:ChyjCVidjeAVf+dUJjiJTdX/LYujkJILKuLi+cTDNJM=
github.com/hollis-labs/go-runtime-events v0.1.2/go.mod h1:QLoJ1xs+P2KoVuiz4wi+r+JZdE4dqm28I0YfauXAUs0=
github.com/hollis-labs/go-sandbox v0.3.0 h1:17vfC0Oikr05Rl4t9uxtko68dszbkLFspAdXJagfMPg=
github.com/hollis-labs/go-sandbox v0.3.0/go.mod h1:SY3Io7cTHnMahfN1zkQzHvVkcevXzus8mo9ZmtaaHPg=
github.com/kr/pretty v0.3.1 h1:flRD4NNwYAUpkphVc1HcthR4KEIFJ65n8Mw5qdRn3LE=
github.com/kr/pretty v0.3.1/go.mod h1:hoEshYVHaxMs3cyo3Yncou5ZscifuDolrwPKZanG3xk=
github.com/kr/text v0.2.0 h1:5Nx0Ya0ZqY2ygV366QzturHI13Jq95ApcVaJBhpS+AY=
github.com/kr/text v0.2.0/go.mod h1:eLer722TekiGuMkidMxC/pM04lWEeraHUUmBw8l2grE=
github.com/rogpeppe/go-internal v1.14.1 h1:UQB4HGPB6osV0SQTLymcB4TgvyWu6ZyliaW0tI/otEQ=
github.com/rogpeppe/go-internal v1.14.1/go.mod h1:MaRKkUm5W0goXpeCfT7UZI6fk/L7L7so1lCWt35ZSgc=
gopkg.in/check.v1 v0.0.0-20161208181325-20d25e280405/go.mod h1:Co6ibVJAznAaIkqp8huTwlJQCZ016jof/cbN4VW5Yz0=
gopkg.in/check.v1 v1.0.0-20201130134442-10cb98267c6c h1:Hei/4ADfdWqJk1ZMxUNpqntNwaWcugrBjAiHlqqRiVk=
gopkg.in/check.v1 v1.0.0-20201130134442-10cb98267c6c/go.mod h1:JHkPIbrfpd72SG/EVd6muEfDQjcINNoR0C8j2r3qZ4Q=
gopkg.in/yaml.v3 v3.0.1 h1:fxVm/GzAzEWqLHuvctI91KS9hhNmmWOoWu0XTYJS7CA=
gopkg.in/yaml.v3 v3.0.1/go.mod h1:K4uyk7z7BCEPqu6E+C64Yfv1cQ7kz7rIZviUmN+EgEM=
