github.com/creack/pty v1.1.24 h1:bJrF4RRfyJnbTJqzRLHzcGaZK1NeM5kTC9jGgovnR1s=
github.com/creack/pty v1.1.24/go.mod h1:08sCNb52WyoAwi2QDyzUCTgcvVFhUzewun7wtTfvcwE=
github.com/hollis-labs/agent-contracts-leaf v0.3.0 h1:tOAbq1y2Qtkk/S81hpSTlE3ZIsXWacSWkad1NfTMEvY=
github.com/hollis-labs/agent-contracts-leaf v0.3.0/go.mod h1:Yp3iEG7I1qHxGL+Ad085RDVP5xUM/dbL0nFxzCAQ9/w=
github.com/hollis-labs/agentkit v0.20.4 h1:w9l6G/d7rH9vwqiqjW6MI3pc1o/64oUAqYlnngXmTu0=
github.com/hollis-labs/agentkit v0.20.4/go.mod h1:YO789HVnyUOJSPuzD7ZhXO7+9FJIMaNe0fe1RNux6sY=
github.com/hollis-labs/go-harness-filters v0.1.1 h1:uTAF+ejKhje+rXMEOwTHsO7ig2fCAQnkANXgZBAyYZA=
github.com/hollis-labs/go-harness-filters v0.1.1/go.mod h1:84dThT2Ro93bk7Lzpr9KNsRDY4hUcIvYoBtmIB6IEzM=
github.com/hollis-labs/go-llm-contracts v0.4.0 h1:dG6mayXRfUGLHFWrJT138YdVPMfF2YgCYGnKXqto0Uc=
github.com/hollis-labs/go-llm-contracts v0.4.0/go.mod h1:S3OFdhPMWWthPUNOLbhVUqi1d6p98zXj3H8Ss9t2ntk=
github.com/hollis-labs/go-llm-types v0.5.1 h1:4h473ppF+N+DxPJ9V+/Dt/kc3bkWcOaJOp6kRH9YxsQ=
github.com/hollis-labs/go-llm-types v0.5.1/go.mod h1:n4XoMPvSTR7Dfjxj/D37cL8nQPKmtci2EzZQFjAvSr8=
github.com/hollis-labs/go-materialize v0.1.0 h1:JQ7nKIlKIaWvuiN1yPpad0dQaJTLocuQQdfynY9n9nY=
github.com/hollis-labs/go-materialize v0.1.0/go.mod h1:ubDxYOfG+hCX0PXQaVm8ssmJoc6ZCDh8iSO46pj0PK0=
github.com/hollis-labs/go-permission v0.1.0 h1:eOlb2pPmEkh9D5zlVgWwOd4ryycEQYiLT1cLMEG6y2c=
github.com/hollis-labs/go-permission v0.1.0/go.mod h1:OXz5GXvR7vFAb6TVoGDOESIEecC0V40524NdN0jiOrs=
github.com/hollis-labs/go-providers v0.41.0 h1:OOiU0qvo4f6EfEOmNWCur4L9ZcaBzwqWmr8uXTljACw=
github.com/hollis-labs/go-providers v0.41.0/go.mod h1:WR4UJzbsvtzb53L2tW8jT28dqq6h4CP4mNkA7gJLpuc=
github.com/hollis-labs/go-runner v0.8.2 h1:f15VFjGvbykf1zsi6KV66rHzCwsWAKtjYVl91Zsr5uI=
github.com/hollis-labs/go-runner v0.8.2/go.mod h1:eKfG17Zulw2kYOruTxBLbT5RT8AYE7zJXvHqQD9ltOE=
github.com/hollis-labs/go-runtime-events v0.2.1 h1:ik7AxHU5pPLvNXPIfYYC10czm3zoueKrPvsD2bFrISs=
github.com/hollis-labs/go-runtime-events v0.2.1/go.mod h1:+4cNkz4YKLfhCtve9FjMRKOp/0SokwjJ5vGfZ0/mHRk=
github.com/hollis-labs/go-safefs v0.1.0 h1:DOlOS/0OnLKgUXON9YiPTzZZyYhqogNUo9RoYpa7UOY=
github.com/hollis-labs/go-safefs v0.1.0/go.mod h1:cy6lXh6KhPuIoQ9hGQSL+sd4N1dhJ1hE3sSCMXNB6JA=
github.com/hollis-labs/go-sandbox v0.6.0 h1:W//Xikb5ipFl/8aJIbCTqtmwSwsPKw+7Za/+BqOcQUM=
github.com/hollis-labs/go-sandbox v0.6.0/go.mod h1:cZVYQKfEze0jFkt7iyvvUTAc7M+7tppRxpq/h8VYUYg=
github.com/kr/pretty v0.3.1 h1:flRD4NNwYAUpkphVc1HcthR4KEIFJ65n8Mw5qdRn3LE=
github.com/kr/pretty v0.3.1/go.mod h1:hoEshYVHaxMs3cyo3Yncou5ZscifuDolrwPKZanG3xk=
github.com/kr/text v0.2.0 h1:5Nx0Ya0ZqY2ygV366QzturHI13Jq95ApcVaJBhpS+AY=
github.com/kr/text v0.2.0/go.mod h1:eLer722TekiGuMkidMxC/pM04lWEeraHUUmBw8l2grE=
github.com/rogpeppe/go-internal v1.14.1 h1:UQB4HGPB6osV0SQTLymcB4TgvyWu6ZyliaW0tI/otEQ=
github.com/rogpeppe/go-internal v1.14.1/go.mod h1:MaRKkUm5W0goXpeCfT7UZI6fk/L7L7so1lCWt35ZSgc=
gopkg.in/check.v1 v0.0.0-20161208181325-20d25e280405/go.mod h1:Co6ibVJAznAaIkqp8huTwlJQCZ016jof/cbN4VW5Yz0=
gopkg.in/check.v1 v1.0.0-20201130134442-10cb98267c6c h1:Hei/4ADfdWqJk1ZMxUNpqntNwaWcugrBjAiHlqqRiVk=
gopkg.in/check.v1 v1.0.0-20201130134442-10cb98267c6c/go.mod h1:JHkPIbrfpd72SG/EVd6muEfDQjcINNoR0C8j2r3qZ4Q=
gopkg.in/yaml.v3 v3.0.1 h1:fxVm/GzAzEWqLHuvctI91KS9hhNmmWOoWu0XTYJS7CA=
gopkg.in/yaml.v3 v3.0.1/go.mod h1:K4uyk7z7BCEPqu6E+C64Yfv1cQ7kz7rIZviUmN+EgEM=
