github.com/hollis-labs/go-llm-contracts v0.3.0 h1:qVKulEixvxf5iJmUMzDfRoL00gfS6/r0TmAJ1zNX0Dc=
github.com/hollis-labs/go-llm-contracts v0.3.0/go.mod h1:VIbzjZk7U+NCYuHdfa++ZwcaYI09om5xVxYTGd6cuw8=
github.com/hollis-labs/go-llm-types v0.3.0 h1:QR4RX0F1zX0fYBh7sDVxnsFxmQ/vjlvc7bC6FWx+8s0=
github.com/hollis-labs/go-llm-types v0.3.0/go.mod h1:BP8FMqmTWvi2vQ7dNybTGJ+FFzXS4gMMhAjyTHlNq84=
gopkg.in/check.v1 v0.0.0-20161208181325-20d25e280405 h1:yhCVgyC4o1eVCa2tZl7eS0r+SDo693bJlVdllGtEeKM=
gopkg.in/check.v1 v0.0.0-20161208181325-20d25e280405/go.mod h1:Co6ibVJAznAaIkqp8huTwlJQCZ016jof/cbN4VW5Yz0=
gopkg.in/yaml.v3 v3.0.1 h1:fxVm/GzAzEWqLHuvctI91KS9hhNmmWOoWu0XTYJS7CA=
gopkg.in/yaml.v3 v3.0.1/go.mod h1:K4uyk7z7BCEPqu6E+C64Yfv1cQ7kz7rIZviUmN+EgEM=
