github.com/hollis-labs/agent-contracts-leaf v0.0.0-20260929225345-ec0362fb8d42 h1:yq1w2B0m+TYIpjokEbGhagCQ49kTP/jfJf1R5cL8UQ0=
github.com/hollis-labs/agent-contracts-leaf v0.0.0-20260929225345-ec0362fb8d42/go.mod h1:Yp3iEG7I1qHxGL+Ad085RDVP5xUM/dbL0nFxzCAQ9/w=
gopkg.in/check.v1 v0.0.0-20161208181325-20d25e280405 h1:yhCVgyC4o1eVCa2tZl7eS0r+SDo693bJlVdllGtEeKM=
gopkg.in/check.v1 v0.0.0-20161208181325-20d25e280405/go.mod h1:Co6ibVJAznAaIkqp8huTwlJQCZ016jof/cbN4VW5Yz0=
gopkg.in/yaml.v3 v3.0.1 h1:fxVm/GzAzEWqLHuvctI91KS9hhNmmWOoWu0XTYJS7CA=
gopkg.in/yaml.v3 v3.0.1/go.mod h1:K4uyk7z7BCEPqu6E+C64Yfv1cQ7kz7rIZviUmN+EgEM=
