github.com/creack/pty v1.1.24 h1:bJrF4RRfyJnbTJqzRLHzcGaZK1NeM5kTC9jGgovnR1s=
github.com/creack/pty v1.1.24/go.mod h1:08sCNb52WyoAwi2QDyzUCTgcvVFhUzewun7wtTfvcwE=
github.com/hollis-labs/go-llm-contracts v0.1.0 h1:AzN35sz1vwXzClgHpx3SWede+U5TiRTGdwIuS7XHYEw=
github.com/hollis-labs/go-llm-contracts v0.1.0/go.mod h1:msDaHCBEemyTbXhk0Q8lm5doK79aWK5VR/hdzjWgqbU=
github.com/hollis-labs/go-llm-types v0.1.0 h1:Scdj2p/nKwOQYScDERLPbV4kFtN0p/t4nSWWjK0IW7c=
github.com/hollis-labs/go-llm-types v0.1.0/go.mod h1:BP8FMqmTWvi2vQ7dNybTGJ+FFzXS4gMMhAjyTHlNq84=
