github.com/google/uuid v1.6.0 h1:NIvaJDMOsjHA8n1jAhLSgzrAzy1Hgr+hNrb57e+94F0=
github.com/google/uuid v1.6.0/go.mod h1:TIyPZe4MgqvfeYDBFedMoGGpEw/LqOeaOT+nhxU+yHo=
github.com/hollis-labs/go-messaging v0.7.0 h1:VDvodrSgeYbH3ElwoTXWU7VjsPjUeHgXke4ADKLbzZI=
github.com/hollis-labs/go-messaging v0.7.0/go.mod h1:KLv+81DP4Zktb4/ZnCg5dlzxjaI3u9jAm/tWOZxqHq0=
